
Microsoft Visual Studio Solution File, Format Version 12.00
# Visual Studio 15
VisualStudioVersion = 15.0.27703.2035
MinimumVisualStudioVersion = 10.0.40219.1
Project("{FAE04EC0-301F-11D3-BF4B-00C04F79EFBC}") = "13-2", "13-2\13-2.csproj", "{E62B8539-0F68-4F22-93B9-C8FCCFD05A56}"
EndProject
Global
	GlobalSection(SolutionConfigurationPlatforms) = preSolution
		Debug|Any CPU = Debug|Any CPU
		Release|Any CPU = Release|Any CPU
	EndGlobalSection
	GlobalSection(ProjectConfigurationPlatforms) = postSolution
		{E62B8539-0F68-4F22-93B9-C8FCCFD05A56}.Debug|Any CPU.ActiveCfg = Debug|Any CPU
		{E62B8539-0F68-4F22-93B9-C8FCCFD05A56}.Debug|Any CPU.Build.0 = Debug|Any CPU
		{E62B8539-0F68-4F22-93B9-C8FCCFD05A56}.Release|Any CPU.ActiveCfg = Release|Any CPU
		{E62B8539-0F68-4F22-93B9-C8FCCFD05A56}.Release|Any CPU.Build.0 = Release|Any CPU
	EndGlobalSection
	GlobalSection(SolutionProperties) = preSolution
		HideSolutionNode = FALSE
	EndGlobalSection
	GlobalSection(ExtensibilityGlobals) = postSolution
		SolutionGuid = {EEB58683-EA33-4368-92C6-66CCF29F56B8}
	EndGlobalSection
EndGlobal
